// !$*UTF8*$!
{
	archiveVersion = 1;
	classes = {
	};
	objectVersion = 55;
	objects = {

/* Begin PBXBuildFile section */
		912BD5C827FE081B00529915 /* AppDelegate.swift in Sources */ = {isa = PBXBuildFile; fileRef = 912BD5C727FE081B00529915 /* AppDelegate.swift */; };
		912BD5CA27FE081B00529915 /* SceneDelegate.swift in Sources */ = {isa = PBXBuildFile; fileRef = 912BD5C927FE081B00529915 /* SceneDelegate.swift */; };
		912BD5CC27FE081B00529915 /* HomeScreenVC.swift in Sources */ = {isa = PBXBuildFile; fileRef = 912BD5CB27FE081B00529915 /* HomeScreenVC.swift */; };
		912BD5D127FE082200529915 /* Assets.xcassets in Resources */ = {isa = PBXBuildFile; fileRef = 912BD5D027FE082200529915 /* Assets.xcassets */; };
		912BD5D427FE082200529915 /* LaunchScreen.storyboard in Resources */ = {isa = PBXBuildFile; fileRef = 912BD5D227FE082200529915 /* LaunchScreen.storyboard */; };
		912BD5DF27FE082300529915 /* NewsAppTests.swift in Sources */ = {isa = PBXBuildFile; fileRef = 912BD5DE27FE082300529915 /* NewsAppTests.swift */; };
		912BD5E927FE082300529915 /* NewsAppUITests.swift in Sources */ = {isa = PBXBuildFile; fileRef = 912BD5E827FE082300529915 /* NewsAppUITests.swift */; };
		912BD5EB27FE082300529915 /* NewsAppUITestsLaunchTests.swift in Sources */ = {isa = PBXBuildFile; fileRef = 912BD5EA27FE082300529915 /* NewsAppUITestsLaunchTests.swift */; };
		912BD5FB27FEBF7400529915 /* SnapKit in Frameworks */ = {isa = PBXBuildFile; productRef = 912BD5FA27FEBF7400529915 /* SnapKit */; };
		912BD5FD27FEBFC800529915 /* NewsCell.swift in Sources */ = {isa = PBXBuildFile; fileRef = 912BD5FC27FEBFC800529915 /* NewsCell.swift */; };
		912BD5FF27FED3D000529915 /* FeaturedNewsView.swift in Sources */ = {isa = PBXBuildFile; fileRef = 912BD5FE27FED3D000529915 /* FeaturedNewsView.swift */; };
		912BD60427FEE4B000529915 /* HeaderView.swift in Sources */ = {isa = PBXBuildFile; fileRef = 912BD60327FEE4B000529915 /* HeaderView.swift */; };
/* End PBXBuildFile section */

/* Begin PBXContainerItemProxy section */
		912BD5DB27FE082300529915 /* PBXContainerItemProxy */ = {
			isa = PBXContainerItemProxy;
			containerPortal = 912BD5BC27FE081B00529915 /* Project object */;
			proxyType = 1;
			remoteGlobalIDString = 912BD5C327FE081B00529915;
			remoteInfo = NewsApp;
		};
		912BD5E527FE082300529915 /* PBXContainerItemProxy */ = {
			isa = PBXContainerItemProxy;
			containerPortal = 912BD5BC27FE081B00529915 /* Project object */;
			proxyType = 1;
			remoteGlobalIDString = 912BD5C327FE081B00529915;
			remoteInfo = NewsApp;
		};
/* End PBXContainerItemProxy section */

/* Begin PBXFileReference section */
		912BD5C427FE081B00529915 /* NewsApp.app */ = {isa = PBXFileReference; explicitFileType = wrapper.application; includeInIndex = 0; path = NewsApp.app; sourceTree = BUILT_PRODUCTS_DIR; };
		912BD5C727FE081B00529915 /* AppDelegate.swift */ = {isa = PBXFileReference; lastKnownFileType = sourcecode.swift; path = AppDelegate.swift; sourceTree = "<group>"; };
		912BD5C927FE081B00529915 /* SceneDelegate.swift */ = {isa = PBXFileReference; lastKnownFileType = sourcecode.swift; path = SceneDelegate.swift; sourceTree = "<group>"; };
		912BD5CB27FE081B00529915 /* HomeScreenVC.swift */ = {isa = PBXFileReference; lastKnownFileType = sourcecode.swift; path = HomeScreenVC.swift; sourceTree = "<group>"; };
		912BD5D027FE082200529915 /* Assets.xcassets */ = {isa = PBXFileReference; lastKnownFileType = folder.assetcatalog; path = Assets.xcassets; sourceTree = "<group>"; };
		912BD5D327FE082200529915 /* Base */ = {isa = PBXFileReference; lastKnownFileType = file.storyboard; name = Base; path = Base.lproj/LaunchScreen.storyboard; sourceTree = "<group>"; };
		912BD5D527FE082200529915 /* Info.plist */ = {isa = PBXFileReference; lastKnownFileType = text.plist.xml; path = Info.plist; sourceTree = "<group>"; };
		912BD5DA27FE082300529915 /* NewsAppTests.xctest */ = {isa = PBXFileReference; explicitFileType = wrapper.cfbundle; includeInIndex = 0; path = NewsAppTests.xctest; sourceTree = BUILT_PRODUCTS_DIR; };
		912BD5DE27FE082300529915 /* NewsAppTests.swift */ = {isa = PBXFileReference; lastKnownFileType = sourcecode.swift; path = NewsAppTests.swift; sourceTree = "<group>"; };
		912BD5E427FE082300529915 /* NewsAppUITests.xctest */ = {isa = PBXFileReference; explicitFileType = wrapper.cfbundle; includeInIndex = 0; path = NewsAppUITests.xctest; sourceTree = BUILT_PRODUCTS_DIR; };
		912BD5E827FE082300529915 /* NewsAppUITests.swift */ = {isa = PBXFileReference; lastKnownFileType = sourcecode.swift; path = NewsAppUITests.swift; sourceTree = "<group>"; };
		912BD5EA27FE082300529915 /* NewsAppUITestsLaunchTests.swift */ = {isa = PBXFileReference; lastKnownFileType = sourcecode.swift; path = NewsAppUITestsLaunchTests.swift; sourceTree = "<group>"; };
		912BD5FC27FEBFC800529915 /* NewsCell.swift */ = {isa = PBXFileReference; lastKnownFileType = sourcecode.swift; path = NewsCell.swift; sourceTree = "<group>"; };
		912BD5FE27FED3D000529915 /* FeaturedNewsView.swift */ = {isa = PBXFileReference; lastKnownFileType = sourcecode.swift; path = FeaturedNewsView.swift; sourceTree = "<group>"; };
		912BD60327FEE4B000529915 /* HeaderView.swift */ = {isa = PBXFileReference; lastKnownFileType = sourcecode.swift; path = HeaderView.swift; sourceTree = "<group>"; };
/* End PBXFileReference section */

/* Begin PBXFrameworksBuildPhase section */
		912BD5C127FE081B00529915 /* Frameworks */ = {
			isa = PBXFrameworksBuildPhase;
			buildActionMask = 2147483647;
			files = (
				912BD5FB27FEBF7400529915 /* SnapKit in Frameworks */,
			);
			runOnlyForDeploymentPostprocessing = 0;
		};
		912BD5D727FE082300529915 /* Frameworks */ = {
			isa = PBXFrameworksBuildPhase;
			buildActionMask = 2147483647;
			files = (
			);
			runOnlyForDeploymentPostprocessing = 0;
		};
		912BD5E127FE082300529915 /* Frameworks */ = {
			isa = PBXFrameworksBuildPhase;
			buildActionMask = 2147483647;
			files = (
			);
			runOnlyForDeploymentPostprocessing = 0;
		};
/* End PBXFrameworksBuildPhase section */

/* Begin PBXGroup section */
		912BD5BB27FE081B00529915 = {
			isa = PBXGroup;
			children = (
				912BD5C627FE081B00529915 /* NewsApp */,
				912BD5DD27FE082300529915 /* NewsAppTests */,
				912BD5E727FE082300529915 /* NewsAppUITests */,
				912BD5C527FE081B00529915 /* Products */,
			);
			sourceTree = "<group>";
		};
		912BD5C527FE081B00529915 /* Products */ = {
			isa = PBXGroup;
			children = (
				912BD5C427FE081B00529915 /* NewsApp.app */,
				912BD5DA27FE082300529915 /* NewsAppTests.xctest */,
				912BD5E427FE082300529915 /* NewsAppUITests.xctest */,
			);
			name = Products;
			sourceTree = "<group>";
		};
		912BD5C627FE081B00529915 /* NewsApp */ = {
			isa = PBXGroup;
			children = (
				912BD5C727FE081B00529915 /* AppDelegate.swift */,
				912BD5C927FE081B00529915 /* SceneDelegate.swift */,
				912BD60527FEF9C400529915 /* Models */,
				912BD60727FEF9DC00529915 /* Views */,
				912BD60627FEF9D000529915 /* Controllers */,
				912BD60827FEFA0500529915 /* Resources */,
				912BD5D527FE082200529915 /* Info.plist */,
			);
			path = NewsApp;
			sourceTree = "<group>";
		};
		912BD5DD27FE082300529915 /* NewsAppTests */ = {
			isa = PBXGroup;
			children = (
				912BD5DE27FE082300529915 /* NewsAppTests.swift */,
			);
			path = NewsAppTests;
			sourceTree = "<group>";
		};
		912BD5E727FE082300529915 /* NewsAppUITests */ = {
			isa = PBXGroup;
			children = (
				912BD5E827FE082300529915 /* NewsAppUITests.swift */,
				912BD5EA27FE082300529915 /* NewsAppUITestsLaunchTests.swift */,
			);
			path = NewsAppUITests;
			sourceTree = "<group>";
		};
		912BD60527FEF9C400529915 /* Models */ = {
			isa = PBXGroup;
			children = (
			);
			path = Models;
			sourceTree = "<group>";
		};
		912BD60627FEF9D000529915 /* Controllers */ = {
			isa = PBXGroup;
			children = (
				912BD5CB27FE081B00529915 /* HomeScreenVC.swift */,
			);
			path = Controllers;
			sourceTree = "<group>";
		};
		912BD60727FEF9DC00529915 /* Views */ = {
			isa = PBXGroup;
			children = (
				912BD5FC27FEBFC800529915 /* NewsCell.swift */,
				912BD5FE27FED3D000529915 /* FeaturedNewsView.swift */,
				912BD60327FEE4B000529915 /* HeaderView.swift */,
			);
			path = Views;
			sourceTree = "<group>";
		};
		912BD60827FEFA0500529915 /* Resources */ = {
			isa = PBXGroup;
			children = (
				912BD5D227FE082200529915 /* LaunchScreen.storyboard */,
				912BD5D027FE082200529915 /* Assets.xcassets */,
			);
			path = Resources;
			sourceTree = "<group>";
		};
/* End PBXGroup section */

/* Begin PBXNativeTarget section */
		912BD5C327FE081B00529915 /* NewsApp */ = {
			isa = PBXNativeTarget;
			buildConfigurationList = 912BD5EE27FE082300529915 /* Build configuration list for PBXNativeTarget "NewsApp" */;
			buildPhases = (
				912BD5C027FE081B00529915 /* Sources */,
				912BD5C127FE081B00529915 /* Frameworks */,
				912BD5C227FE081B00529915 /* Resources */,
			);
			buildRules = (
			);
			dependencies = (
			);
			name = NewsApp;
			packageProductDependencies = (
				912BD5FA27FEBF7400529915 /* SnapKit */,
			);
			productName = NewsApp;
			productReference = 912BD5C427FE081B00529915 /* NewsApp.app */;
			productType = "com.apple.product-type.application";
		};
		912BD5D927FE082300529915 /* NewsAppTests */ = {
			isa = PBXNativeTarget;
			buildConfigurationList = 912BD5F127FE082300529915 /* Build configuration list for PBXNativeTarget "NewsAppTests" */;
			buildPhases = (
				912BD5D627FE082300529915 /* Sources */,
				912BD5D727FE082300529915 /* Frameworks */,
				912BD5D827FE082300529915 /* Resources */,
			);
			buildRules = (
			);
			dependencies = (
				912BD5DC27FE082300529915 /* PBXTargetDependency */,
			);
			name = NewsAppTests;
			productName = NewsAppTests;
			productReference = 912BD5DA27FE082300529915 /* NewsAppTests.xctest */;
			productType = "com.apple.product-type.bundle.unit-test";
		};
		912BD5E327FE082300529915 /* NewsAppUITests */ = {
			isa = PBXNativeTarget;
			buildConfigurationList = 912BD5F427FE082300529915 /* Build configuration list for PBXNativeTarget "NewsAppUITests" */;
			buildPhases = (
				912BD5E027FE082300529915 /* Sources */,
				912BD5E127FE082300529915 /* Frameworks */,
				912BD5E227FE082300529915 /* Resources */,
			);
			buildRules = (
			);
			dependencies = (
				912BD5E627FE082300529915 /* PBXTargetDependency */,
			);
			name = NewsAppUITests;
			productName = NewsAppUITests;
			productReference = 912BD5E427FE082300529915 /* NewsAppUITests.xctest */;
			productType = "com.apple.product-type.bundle.ui-testing";
		};
/* End PBXNativeTarget section */

/* Begin PBXProject section */
		912BD5BC27FE081B00529915 /* Project object */ = {
			isa = PBXProject;
			attributes = {
				BuildIndependentTargetsInParallel = 1;
				LastSwiftUpdateCheck = 1320;
				LastUpgradeCheck = 1320;
				TargetAttributes = {
					912BD5C327FE081B00529915 = {
						CreatedOnToolsVersion = 13.2.1;
					};
					912BD5D927FE082300529915 = {
						CreatedOnToolsVersion = 13.2.1;
						TestTargetID = 912BD5C327FE081B00529915;
					};
					912BD5E327FE082300529915 = {
						CreatedOnToolsVersion = 13.2.1;
						TestTargetID = 912BD5C327FE081B00529915;
					};
				};
			};
			buildConfigurationList = 912BD5BF27FE081B00529915 /* Build configuration list for PBXProject "NewsApp" */;
			compatibilityVersion = "Xcode 13.0";
			developmentRegion = en;
			hasScannedForEncodings = 0;
			knownRegions = (
				en,
				Base,
			);
			mainGroup = 912BD5BB27FE081B00529915;
			packageReferences = (
				912BD5F927FEBF7400529915 /* XCRemoteSwiftPackageReference "SnapKit" */,
			);
			productRefGroup = 912BD5C527FE081B00529915 /* Products */;
			projectDirPath = "";
			projectRoot = "";
			targets = (
				912BD5C327FE081B00529915 /* NewsApp */,
				912BD5D927FE082300529915 /* NewsAppTests */,
				912BD5E327FE082300529915 /* NewsAppUITests */,
			);
		};
/* End PBXProject section */

/* Begin PBXResourcesBuildPhase section */
		912BD5C227FE081B00529915 /* Resources */ = {
			isa = PBXResourcesBuildPhase;
			buildActionMask = 2147483647;
			files = (
				912BD5D427FE082200529915 /* LaunchScreen.storyboard in Resources */,
				912BD5D127FE082200529915 /* Assets.xcassets in Resources */,
			);
			runOnlyForDeploymentPostprocessing = 0;
		};
		912BD5D827FE082300529915 /* Resources */ = {
			isa = PBXResourcesBuildPhase;
			buildActionMask = 2147483647;
			files = (
			);
			runOnlyForDeploymentPostprocessing = 0;
		};
		912BD5E227FE082300529915 /* Resources */ = {
			isa = PBXResourcesBuildPhase;
			buildActionMask = 2147483647;
			files = (
			);
			runOnlyForDeploymentPostprocessing = 0;
		};
/* End PBXResourcesBuildPhase section */

/* Begin PBXSourcesBuildPhase section */
		912BD5C027FE081B00529915 /* Sources */ = {
			isa = PBXSourcesBuildPhase;
			buildActionMask = 2147483647;
			files = (
				912BD5CC27FE081B00529915 /* HomeScreenVC.swift in Sources */,
				912BD60427FEE4B000529915 /* HeaderView.swift in Sources */,
				912BD5FF27FED3D000529915 /* FeaturedNewsView.swift in Sources */,
				912BD5C827FE081B00529915 /* AppDelegate.swift in Sources */,
				912BD5FD27FEBFC800529915 /* NewsCell.swift in Sources */,
				912BD5CA27FE081B00529915 /* SceneDelegate.swift in Sources */,
			);
			runOnlyForDeploymentPostprocessing = 0;
		};
		912BD5D627FE082300529915 /* Sources */ = {
			isa = PBXSourcesBuildPhase;
			buildActionMask = 2147483647;
			files = (
				912BD5DF27FE082300529915 /* NewsAppTests.swift in Sources */,
			);
			runOnlyForDeploymentPostprocessing = 0;
		};
		912BD5E027FE082300529915 /* Sources */ = {
			isa = PBXSourcesBuildPhase;
			buildActionMask = 2147483647;
			files = (
				912BD5E927FE082300529915 /* NewsAppUITests.swift in Sources */,
				912BD5EB27FE082300529915 /* NewsAppUITestsLaunchTests.swift in Sources */,
			);
			runOnlyForDeploymentPostprocessing = 0;
		};
/* End PBXSourcesBuildPhase section */

/* Begin PBXTargetDependency section */
		912BD5DC27FE082300529915 /* PBXTargetDependency */ = {
			isa = PBXTargetDependency;
			target = 912BD5C327FE081B00529915 /* NewsApp */;
			targetProxy = 912BD5DB27FE082300529915 /* PBXContainerItemProxy */;
		};
		912BD5E627FE082300529915 /* PBXTargetDependency */ = {
			isa = PBXTargetDependency;
			target = 912BD5C327FE081B00529915 /* NewsApp */;
			targetProxy = 912BD5E527FE082300529915 /* PBXContainerItemProxy */;
		};
/* End PBXTargetDependency section */

/* Begin PBXVariantGroup section */
		912BD5D227FE082200529915 /* LaunchScreen.storyboard */ = {
			isa = PBXVariantGroup;
			children = (
				912BD5D327FE082200529915 /* Base */,
			);
			name = LaunchScreen.storyboard;
			sourceTree = "<group>";
		};
/* End PBXVariantGroup section */

/* Begin XCBuildConfiguration section */
		912BD5EC27FE082300529915 /* Debug */ = {
			isa = XCBuildConfiguration;
			buildSettings = {
				ALWAYS_SEARCH_USER_PATHS = NO;
				CLANG_ANALYZER_NONNULL = YES;
				CLANG_ANALYZER_NUMBER_OBJECT_CONVERSION = YES_AGGRESSIVE;
				CLANG_CXX_LANGUAGE_STANDARD = "gnu++17";
				CLANG_CXX_LIBRARY = "libc++";
				CLANG_ENABLE_MODULES = YES;
				CLANG_ENABLE_OBJC_ARC = YES;
				CLANG_ENABLE_OBJC_WEAK = YES;
				CLANG_WARN_BLOCK_CAPTURE_AUTORELEASING = YES;
				CLANG_WARN_BOOL_CONVERSION = YES;
				CLANG_WARN_COMMA = YES;
				CLANG_WARN_CONSTANT_CONVERSION = YES;
				CLANG_WARN_DEPRECATED_OBJC_IMPLEMENTATIONS = YES;
				CLANG_WARN_DIRECT_OBJC_ISA_USAGE = YES_ERROR;
				CLANG_WARN_DOCUMENTATION_COMMENTS = YES;
				CLANG_WARN_EMPTY_BODY = YES;
				CLANG_WARN_ENUM_CONVERSION = YES;
				CLANG_WARN_INFINITE_RECURSION = YES;
				CLANG_WARN_INT_CONVERSION = YES;
				CLANG_WARN_NON_LITERAL_NULL_CONVERSION = YES;
				CLANG_WARN_OBJC_IMPLICIT_RETAIN_SELF = YES;
				CLANG_WARN_OBJC_LITERAL_CONVERSION = YES;
				CLANG_WARN_OBJC_ROOT_CLASS = YES_ERROR;
				CLANG_WARN_QUOTED_INCLUDE_IN_FRAMEWORK_HEADER = YES;
				CLANG_WARN_RANGE_LOOP_ANALYSIS = YES;
				CLANG_WARN_STRICT_PROTOTYPES = YES;
				CLANG_WARN_SUSPICIOUS_MOVE = YES;
				CLANG_WARN_UNGUARDED_AVAILABILITY = YES_AGGRESSIVE;
				CLANG_WARN_UNREACHABLE_CODE = YES;
				CLANG_WARN__DUPLICATE_METHOD_MATCH = YES;
				COPY_PHASE_STRIP = NO;
				DEBUG_INFORMATION_FORMAT = dwarf;
				ENABLE_STRICT_OBJC_MSGSEND = YES;
				ENABLE_TESTABILITY = YES;
				GCC_C_LANGUAGE_STANDARD = gnu11;
				GCC_DYNAMIC_NO_PIC = NO;
				GCC_NO_COMMON_BLOCKS = YES;
				GCC_OPTIMIZATION_LEVEL = 0;
				GCC_PREPROCESSOR_DEFINITIONS = (
					"DEBUG=1",
					"$(inherited)",
				);
				GCC_WARN_64_TO_32_BIT_CONVERSION = YES;
				GCC_WARN_ABOUT_RETURN_TYPE = YES_ERROR;
				GCC_WARN_UNDECLARED_SELECTOR = YES;
				GCC_WARN_UNINITIALIZED_AUTOS = YES_AGGRESSIVE;
				GCC_WARN_UNUSED_FUNCTION = YES;
				GCC_WARN_UNUSED_VARIABLE = YES;
				IPHONEOS_DEPLOYMENT_TARGET = 13.0;
				MTL_ENABLE_DEBUG_INFO = INCLUDE_SOURCE;
				MTL_FAST_MATH = YES;
				ONLY_ACTIVE_ARCH = YES;
				SDKROOT = iphoneos;
				SWIFT_ACTIVE_COMPILATION_CONDITIONS = DEBUG;
				SWIFT_OPTIMIZATION_LEVEL = "-Onone";
			};
			name = Debug;
		};
		912BD5ED27FE082300529915 /* Release */ = {
			isa = XCBuildConfiguration;
			buildSettings = {
				ALWAYS_SEARCH_USER_PATHS = NO;
				CLANG_ANALYZER_NONNULL = YES;
				CLANG_ANALYZER_NUMBER_OBJECT_CONVERSION = YES_AGGRESSIVE;
				CLANG_CXX_LANGUAGE_STANDARD = "gnu++17";
				CLANG_CXX_LIBRARY = "libc++";
				CLANG_ENABLE_MODULES = YES;
				CLANG_ENABLE_OBJC_ARC = YES;
				CLANG_ENABLE_OBJC_WEAK = YES;
				CLANG_WARN_BLOCK_CAPTURE_AUTORELEASING = YES;
				CLANG_WARN_BOOL_CONVERSION = YES;
				CLANG_WARN_COMMA = YES;
				CLANG_WARN_CONSTANT_CONVERSION = YES;
				CLANG_WARN_DEPRECATED_OBJC_IMPLEMENTATIONS = YES;
				CLANG_WARN_DIRECT_OBJC_ISA_USAGE = YES_ERROR;
				CLANG_WARN_DOCUMENTATION_COMMENTS = YES;
				CLANG_WARN_EMPTY_BODY = YES;
				CLANG_WARN_ENUM_CONVERSION = YES;
				CLANG_WARN_INFINITE_RECURSION = YES;
				CLANG_WARN_INT_CONVERSION = YES;
				CLANG_WARN_NON_LITERAL_NULL_CONVERSION = YES;
				CLANG_WARN_OBJC_IMPLICIT_RETAIN_SELF = YES;
				CLANG_WARN_OBJC_LITERAL_CONVERSION = YES;
				CLANG_WARN_OBJC_ROOT_CLASS = YES_ERROR;
				CLANG_WARN_QUOTED_INCLUDE_IN_FRAMEWORK_HEADER = YES;
				CLANG_WARN_RANGE_LOOP_ANALYSIS = YES;
				CLANG_WARN_STRICT_PROTOTYPES = YES;
				CLANG_WARN_SUSPICIOUS_MOVE = YES;
				CLANG_WARN_UNGUARDED_AVAILABILITY = YES_AGGRESSIVE;
				CLANG_WARN_UNREACHABLE_CODE = YES;
				CLANG_WARN__DUPLICATE_METHOD_MATCH = YES;
				COPY_PHASE_STRIP = NO;
				DEBUG_INFORMATION_FORMAT = "dwarf-with-dsym";
				ENABLE_NS_ASSERTIONS = NO;
				ENABLE_STRICT_OBJC_MSGSEND = YES;
				GCC_C_LANGUAGE_STANDARD = gnu11;
				GCC_NO_COMMON_BLOCKS = YES;
				GCC_WARN_64_TO_32_BIT_CONVERSION = YES;
				GCC_WARN_ABOUT_RETURN_TYPE = YES_ERROR;
				GCC_WARN_UNDECLARED_SELECTOR = YES;
				GCC_WARN_UNINITIALIZED_AUTOS = YES_AGGRESSIVE;
				GCC_WARN_UNUSED_FUNCTION = YES;
				GCC_WARN_UNUSED_VARIABLE = YES;
				IPHONEOS_DEPLOYMENT_TARGET = 13.0;
				MTL_ENABLE_DEBUG_INFO = NO;
				MTL_FAST_MATH = YES;
				SDKROOT = iphoneos;
				SWIFT_COMPILATION_MODE = wholemodule;
				SWIFT_OPTIMIZATION_LEVEL = "-O";
				VALIDATE_PRODUCT = YES;
			};
			name = Release;
		};
		912BD5EF27FE082300529915 /* Debug */ = {
			isa = XCBuildConfiguration;
			buildSettings = {
				ASSETCATALOG_COMPILER_APPICON_NAME = AppIcon;
				ASSETCATALOG_COMPILER_GLOBAL_ACCENT_COLOR_NAME = AccentColor;
				CODE_SIGN_STYLE = Automatic;
				CURRENT_PROJECT_VERSION = 1;
				DEVELOPMENT_TEAM = M8KC244ECU;
				GENERATE_INFOPLIST_FILE = YES;
				INFOPLIST_FILE = NewsApp/Info.plist;
				INFOPLIST_KEY_UIApplicationSupportsIndirectInputEvents = YES;
				INFOPLIST_KEY_UILaunchStoryboardName = LaunchScreen;
				INFOPLIST_KEY_UISupportedInterfaceOrientations = UIInterfaceOrientationPortrait;
				INFOPLIST_KEY_UISupportedInterfaceOrientations_iPad = UIInterfaceOrientationPortrait;
				INFOPLIST_KEY_UISupportedInterfaceOrientations_iPhone = UIInterfaceOrientationPortrait;
				IPHONEOS_DEPLOYMENT_TARGET = 13.0;
				LD_RUNPATH_SEARCH_PATHS = (
					"$(inherited)",
					"@executable_path/Frameworks",
				);
				MARKETING_VERSION = 1.0;
				PRODUCT_BUNDLE_IDENTIFIER = NickSagan.NewsApp;
				PRODUCT_NAME = "$(TARGET_NAME)";
				SWIFT_EMIT_LOC_STRINGS = YES;
				SWIFT_VERSION = 5.0;
				TARGETED_DEVICE_FAMILY = 1;
			};
			name = Debug;
		};
		912BD5F027FE082300529915 /* Release */ = {
			isa = XCBuildConfiguration;
			buildSettings = {
				ASSETCATALOG_COMPILER_APPICON_NAME = AppIcon;
				ASSETCATALOG_COMPILER_GLOBAL_ACCENT_COLOR_NAME = AccentColor;
				CODE_SIGN_STYLE = Automatic;
				CURRENT_PROJECT_VERSION = 1;
				DEVELOPMENT_TEAM = M8KC244ECU;
				GENERATE_INFOPLIST_FILE = YES;
				INFOPLIST_FILE = NewsApp/Info.plist;
				INFOPLIST_KEY_UIApplicationSupportsIndirectInputEvents = YES;
				INFOPLIST_KEY_UILaunchStoryboardName = LaunchScreen;
				INFOPLIST_KEY_UISupportedInterfaceOrientations = UIInterfaceOrientationPortrait;
				INFOPLIST_KEY_UISupportedInterfaceOrientations_iPad = UIInterfaceOrientationPortrait;
				INFOPLIST_KEY_UISupportedInterfaceOrientations_iPhone = UIInterfaceOrientationPortrait;
				IPHONEOS_DEPLOYMENT_TARGET = 13.0;
				LD_RUNPATH_SEARCH_PATHS = (
					"$(inherited)",
					"@executable_path/Frameworks",
				);
				MARKETING_VERSION = 1.0;
				PRODUCT_BUNDLE_IDENTIFIER = NickSagan.NewsApp;
				PRODUCT_NAME = "$(TARGET_NAME)";
				SWIFT_EMIT_LOC_STRINGS = YES;
				SWIFT_VERSION = 5.0;
				TARGETED_DEVICE_FAMILY = 1;
			};
			name = Release;
		};
		912BD5F227FE082300529915 /* Debug */ = {
			isa = XCBuildConfiguration;
			buildSettings = {
				ALWAYS_EMBED_SWIFT_STANDARD_LIBRARIES = YES;
				BUNDLE_LOADER = "$(TEST_HOST)";
				CODE_SIGN_STYLE = Automatic;
				CURRENT_PROJECT_VERSION = 1;
				DEVELOPMENT_TEAM = M8KC244ECU;
				GENERATE_INFOPLIST_FILE = YES;
				IPHONEOS_DEPLOYMENT_TARGET = 15.2;
				MARKETING_VERSION = 1.0;
				PRODUCT_BUNDLE_IDENTIFIER = NickSagan.NewsAppTests;
				PRODUCT_NAME = "$(TARGET_NAME)";
				SWIFT_EMIT_LOC_STRINGS = NO;
				SWIFT_VERSION = 5.0;
				TARGETED_DEVICE_FAMILY = "1,2";
				TEST_HOST = "$(BUILT_PRODUCTS_DIR)/NewsApp.app/NewsApp";
			};
			name = Debug;
		};
		912BD5F327FE082300529915 /* Release */ = {
			isa = XCBuildConfiguration;
			buildSettings = {
				ALWAYS_EMBED_SWIFT_STANDARD_LIBRARIES = YES;
				BUNDLE_LOADER = "$(TEST_HOST)";
				CODE_SIGN_STYLE = Automatic;
				CURRENT_PROJECT_VERSION = 1;
				DEVELOPMENT_TEAM = M8KC244ECU;
				GENERATE_INFOPLIST_FILE = YES;
				IPHONEOS_DEPLOYMENT_TARGET = 15.2;
				MARKETING_VERSION = 1.0;
				PRODUCT_BUNDLE_IDENTIFIER = NickSagan.NewsAppTests;
				PRODUCT_NAME = "$(TARGET_NAME)";
				SWIFT_EMIT_LOC_STRINGS = NO;
				SWIFT_VERSION = 5.0;
				TARGETED_DEVICE_FAMILY = "1,2";
				TEST_HOST = "$(BUILT_PRODUCTS_DIR)/NewsApp.app/NewsApp";
			};
			name = Release;
		};
		912BD5F527FE082300529915 /* Debug */ = {
			isa = XCBuildConfiguration;
			buildSettings = {
				ALWAYS_EMBED_SWIFT_STANDARD_LIBRARIES = YES;
				CODE_SIGN_STYLE = Automatic;
				CURRENT_PROJECT_VERSION = 1;
				DEVELOPMENT_TEAM = M8KC244ECU;
				GENERATE_INFOPLIST_FILE = YES;
				MARKETING_VERSION = 1.0;
				PRODUCT_BUNDLE_IDENTIFIER = NickSagan.NewsAppUITests;
				PRODUCT_NAME = "$(TARGET_NAME)";
				SWIFT_EMIT_LOC_STRINGS = NO;
				SWIFT_VERSION = 5.0;
				TARGETED_DEVICE_FAMILY = "1,2";
				TEST_TARGET_NAME = NewsApp;
			};
			name = Debug;
		};
		912BD5F627FE082300529915 /* Release */ = {
			isa = XCBuildConfiguration;
			buildSettings = {
				ALWAYS_EMBED_SWIFT_STANDARD_LIBRARIES = YES;
				CODE_SIGN_STYLE = Automatic;
				CURRENT_PROJECT_VERSION = 1;
				DEVELOPMENT_TEAM = M8KC244ECU;
				GENERATE_INFOPLIST_FILE = YES;
				MARKETING_VERSION = 1.0;
				PRODUCT_BUNDLE_IDENTIFIER = NickSagan.NewsAppUITests;
				PRODUCT_NAME = "$(TARGET_NAME)";
				SWIFT_EMIT_LOC_STRINGS = NO;
				SWIFT_VERSION = 5.0;
				TARGETED_DEVICE_FAMILY = "1,2";
				TEST_TARGET_NAME = NewsApp;
			};
			name = Release;
		};
/* End XCBuildConfiguration section */

/* Begin XCConfigurationList section */
		912BD5BF27FE081B00529915 /* Build configuration list for PBXProject "NewsApp" */ = {
			isa = XCConfigurationList;
			buildConfigurations = (
				912BD5EC27FE082300529915 /* Debug */,
				912BD5ED27FE082300529915 /* Release */,
			);
			defaultConfigurationIsVisible = 0;
			defaultConfigurationName = Release;
		};
		912BD5EE27FE082300529915 /* Build configuration list for PBXNativeTarget "NewsApp" */ = {
			isa = XCConfigurationList;
			buildConfigurations = (
				912BD5EF27FE082300529915 /* Debug */,
				912BD5F027FE082300529915 /* Release */,
			);
			defaultConfigurationIsVisible = 0;
			defaultConfigurationName = Release;
		};
		912BD5F127FE082300529915 /* Build configuration list for PBXNativeTarget "NewsAppTests" */ = {
			isa = XCConfigurationList;
			buildConfigurations = (
				912BD5F227FE082300529915 /* Debug */,
				912BD5F327FE082300529915 /* Release */,
			);
			defaultConfigurationIsVisible = 0;
			defaultConfigurationName = Release;
		};
		912BD5F427FE082300529915 /* Build configuration list for PBXNativeTarget "NewsAppUITests" */ = {
			isa = XCConfigurationList;
			buildConfigurations = (
				912BD5F527FE082300529915 /* Debug */,
				912BD5F627FE082300529915 /* Release */,
			);
			defaultConfigurationIsVisible = 0;
			defaultConfigurationName = Release;
		};
/* End XCConfigurationList section */

/* Begin XCRemoteSwiftPackageReference section */
		912BD5F927FEBF7400529915 /* XCRemoteSwiftPackageReference "SnapKit" */ = {
			isa = XCRemoteSwiftPackageReference;
			repositoryURL = "https://github.com/SnapKit/SnapKit";
			requirement = {
				kind = upToNextMajorVersion;
				minimumVersion = 5.0.0;
			};
		};
/* End XCRemoteSwiftPackageReference section */

/* Begin XCSwiftPackageProductDependency section */
		912BD5FA27FEBF7400529915 /* SnapKit */ = {
			isa = XCSwiftPackageProductDependency;
			package = 912BD5F927FEBF7400529915 /* XCRemoteSwiftPackageReference "SnapKit" */;
			productName = SnapKit;
		};
/* End XCSwiftPackageProductDependency section */
	};
	rootObject = 912BD5BC27FE081B00529915 /* Project object */;
}
